// !$*UTF8*$!
{
	archiveVersion = 1;
	classes = {
	};
	objectVersion = 55;
	objects = {

/* Begin PBXBuildFile section */
		02564DFB27CA4898001CAE42 /* AppDelegate.swift in Sources */ = {isa = PBXBuildFile; fileRef = 02564DFA27CA4898001CAE42 /* AppDelegate.swift */; };
		02564DFD27CA4898001CAE42 /* SceneDelegate.swift in Sources */ = {isa = PBXBuildFile; fileRef = 02564DFC27CA4898001CAE42 /* SceneDelegate.swift */; };
		02564DFF27CA4898001CAE42 /* ViewController.swift in Sources */ = {isa = PBXBuildFile; fileRef = 02564DFE27CA4898001CAE42 /* ViewController.swift */; };
		02564E0227CA4898001CAE42 /* Main.storyboard in Resources */ = {isa = PBXBuildFile; fileRef = 02564E0027CA4898001CAE42 /* Main.storyboard */; };
		02564E0427CA489E001CAE42 /* Assets.xcassets in Resources */ = {isa = PBXBuildFile; fileRef = 02564E0327CA489E001CAE42 /* Assets.xcassets */; };
		02564E0727CA489E001CAE42 /* LaunchScreen.storyboard in Resources */ = {isa = PBXBuildFile; fileRef = 02564E0527CA489E001CAE42 /* LaunchScreen.storyboard */; };
		02564E1227CA489E001CAE42 /* ParasolTests.swift in Sources */ = {isa = PBXBuildFile; fileRef = 02564E1127CA489E001CAE42 /* ParasolTests.swift */; };
		02564E1C27CA489E001CAE42 /* ParasolUITests.swift in Sources */ = {isa = PBXBuildFile; fileRef = 02564E1B27CA489E001CAE42 /* ParasolUITests.swift */; };
		02564E1E27CA489E001CAE42 /* ParasolUITestsLaunchTests.swift in Sources */ = {isa = PBXBuildFile; fileRef = 02564E1D27CA489E001CAE42 /* ParasolUITestsLaunchTests.swift */; };
/* End PBXBuildFile section */

/* Begin PBXContainerItemProxy section */
		02564E0E27CA489E001CAE42 /* PBXContainerItemProxy */ = {
			isa = PBXContainerItemProxy;
			containerPortal = 02564DEF27CA4898001CAE42 /* Project object */;
			proxyType = 1;
			remoteGlobalIDString = 02564DF627CA4898001CAE42;
			remoteInfo = Parasol;
		};
		02564E1827CA489E001CAE42 /* PBXContainerItemProxy */ = {
			isa = PBXContainerItemProxy;
			containerPortal = 02564DEF27CA4898001CAE42 /* Project object */;
			proxyType = 1;
			remoteGlobalIDString = 02564DF627CA4898001CAE42;
			remoteInfo = Parasol;
		};
/* End PBXContainerItemProxy section */

/* Begin PBXFileReference section */
		02564DF727CA4898001CAE42 /* Parasol.app */ = {isa = PBXFileReference; explicitFileType = wrapper.application; includeInIndex = 0; path = Parasol.app; sourceTree = BUILT_PRODUCTS_DIR; };
		02564DFA27CA4898001CAE42 /* AppDelegate.swift */ = {isa = PBXFileReference; lastKnownFileType = sourcecode.swift; path = AppDelegate.swift; sourceTree = "<group>"; };
		02564DFC27CA4898001CAE42 /* SceneDelegate.swift */ = {isa = PBXFileReference; lastKnownFileType = sourcecode.swift; path = SceneDelegate.swift; sourceTree = "<group>"; };
		02564DFE27CA4898001CAE42 /* ViewController.swift */ = {isa = PBXFileReference; lastKnownFileType = sourcecode.swift; path = ViewController.swift; sourceTree = "<group>"; };
		02564E0127CA4898001CAE42 /* Base */ = {isa = PBXFileReference; lastKnownFileType = file.storyboard; name = Base; path = Base.lproj/Main.storyboard; sourceTree = "<group>"; };
		02564E0327CA489E001CAE42 /* Assets.xcassets */ = {isa = PBXFileReference; lastKnownFileType = folder.assetcatalog; path = Assets.xcassets; sourceTree = "<group>"; };
		02564E0627CA489E001CAE42 /* Base */ = {isa = PBXFileReference; lastKnownFileType = file.storyboard; name = Base; path = Base.lproj/LaunchScreen.storyboard; sourceTree = "<group>"; };
		02564E0827CA489E001CAE42 /* Info.plist */ = {isa = PBXFileReference; lastKnownFileType = text.plist.xml; path = Info.plist; sourceTree = "<group>"; };
		02564E0D27CA489E001CAE42 /* ParasolTests.xctest */ = {isa = PBXFileReference; explicitFileType = wrapper.cfbundle; includeInIndex = 0; path = ParasolTests.xctest; sourceTree = BUILT_PRODUCTS_DIR; };
		02564E1127CA489E001CAE42 /* ParasolTests.swift */ = {isa = PBXFileReference; lastKnownFileType = sourcecode.swift; path = ParasolTests.swift; sourceTree = "<group>"; };
		02564E1727CA489E001CAE42 /* ParasolUITests.xctest */ = {isa = PBXFileReference; explicitFileType = wrapper.cfbundle; includeInIndex = 0; path = ParasolUITests.xctest; sourceTree = BUILT_PRODUCTS_DIR; };
		02564E1B27CA489E001CAE42 /* ParasolUITests.swift */ = {isa = PBXFileReference; lastKnownFileType = sourcecode.swift; path = ParasolUITests.swift; sourceTree = "<group>"; };
		02564E1D27CA489E001CAE42 /* ParasolUITestsLaunchTests.swift */ = {isa = PBXFileReference; lastKnownFileType = sourcecode.swift; path = ParasolUITestsLaunchTests.swift; sourceTree = "<group>"; };
/* End PBXFileReference section */

/* Begin PBXFrameworksBuildPhase section */
		02564DF427CA4898001CAE42 /* Frameworks */ = {
			isa = PBXFrameworksBuildPhase;
			buildActionMask = 2147483647;
			files = (
			);
			runOnlyForDeploymentPostprocessing = 0;
		};
		02564E0A27CA489E001CAE42 /* Frameworks */ = {
			isa = PBXFrameworksBuildPhase;
			buildActionMask = 2147483647;
			files = (
			);
			runOnlyForDeploymentPostprocessing = 0;
		};
		02564E1427CA489E001CAE42 /* Frameworks */ = {
			isa = PBXFrameworksBuildPhase;
			buildActionMask = 2147483647;
			files = (
			);
			runOnlyForDeploymentPostprocessing = 0;
		};
/* End PBXFrameworksBuildPhase section */

/* Begin PBXGroup section */
		02564DEE27CA4898001CAE42 = {
			isa = PBXGroup;
			children = (
				02564DF927CA4898001CAE42 /* Parasol */,
				02564E1027CA489E001CAE42 /* ParasolTests */,
				02564E1A27CA489E001CAE42 /* ParasolUITests */,
				02564DF827CA4898001CAE42 /* Products */,
			);
			sourceTree = "<group>";
		};
		02564DF827CA4898001CAE42 /* Products */ = {
			isa = PBXGroup;
			children = (
				02564DF727CA4898001CAE42 /* Parasol.app */,
				02564E0D27CA489E001CAE42 /* ParasolTests.xctest */,
				02564E1727CA489E001CAE42 /* ParasolUITests.xctest */,
			);
			name = Products;
			sourceTree = "<group>";
		};
		02564DF927CA4898001CAE42 /* Parasol */ = {
			isa = PBXGroup;
			children = (
				02564DFA27CA4898001CAE42 /* AppDelegate.swift */,
				02564DFC27CA4898001CAE42 /* SceneDelegate.swift */,
				02564DFE27CA4898001CAE42 /* ViewController.swift */,
				02564E0027CA4898001CAE42 /* Main.storyboard */,
				02564E0327CA489E001CAE42 /* Assets.xcassets */,
				02564E0527CA489E001CAE42 /* LaunchScreen.storyboard */,
				02564E0827CA489E001CAE42 /* Info.plist */,
			);
			path = Parasol;
			sourceTree = "<group>";
		};
		02564E1027CA489E001CAE42 /* ParasolTests */ = {
			isa = PBXGroup;
			children = (
				02564E1127CA489E001CAE42 /* ParasolTests.swift */,
			);
			path = ParasolTests;
			sourceTree = "<group>";
		};
		02564E1A27CA489E001CAE42 /* ParasolUITests */ = {
			isa = PBXGroup;
			children = (
				02564E1B27CA489E001CAE42 /* ParasolUITests.swift */,
				02564E1D27CA489E001CAE42 /* ParasolUITestsLaunchTests.swift */,
			);
			path = ParasolUITests;
			sourceTree = "<group>";
		};
/* End PBXGroup section */

/* Begin PBXNativeTarget section */
		02564DF627CA4898001CAE42 /* Parasol */ = {
			isa = PBXNativeTarget;
			buildConfigurationList = 02564E2127CA489E001CAE42 /* Build configuration list for PBXNativeTarget "Parasol" */;
			buildPhases = (
				02564DF327CA4898001CAE42 /* Sources */,
				02564DF427CA4898001CAE42 /* Frameworks */,
				02564DF527CA4898001CAE42 /* Resources */,
			);
			buildRules = (
			);
			dependencies = (
			);
			name = Parasol;
			productName = Parasol;
			productReference = 02564DF727CA4898001CAE42 /* Parasol.app */;
			productType = "com.apple.product-type.application";
		};
		02564E0C27CA489E001CAE42 /* ParasolTests */ = {
			isa = PBXNativeTarget;
			buildConfigurationList = 02564E2427CA489E001CAE42 /* Build configuration list for PBXNativeTarget "ParasolTests" */;
			buildPhases = (
				02564E0927CA489E001CAE42 /* Sources */,
				02564E0A27CA489E001CAE42 /* Frameworks */,
				02564E0B27CA489E001CAE42 /* Resources */,
			);
			buildRules = (
			);
			dependencies = (
				02564E0F27CA489E001CAE42 /* PBXTargetDependency */,
			);
			name = ParasolTests;
			productName = ParasolTests;
			productReference = 02564E0D27CA489E001CAE42 /* ParasolTests.xctest */;
			productType = "com.apple.product-type.bundle.unit-test";
		};
		02564E1627CA489E001CAE42 /* ParasolUITests */ = {
			isa = PBXNativeTarget;
			buildConfigurationList = 02564E2727CA489E001CAE42 /* Build configuration list for PBXNativeTarget "ParasolUITests" */;
			buildPhases = (
				02564E1327CA489E001CAE42 /* Sources */,
				02564E1427CA489E001CAE42 /* Frameworks */,
				02564E1527CA489E001CAE42 /* Resources */,
			);
			buildRules = (
			);
			dependencies = (
				02564E1927CA489E001CAE42 /* PBXTargetDependency */,
			);
			name = ParasolUITests;
			productName = ParasolUITests;
			productReference = 02564E1727CA489E001CAE42 /* ParasolUITests.xctest */;
			productType = "com.apple.product-type.bundle.ui-testing";
		};
/* End PBXNativeTarget section */

/* Begin PBXProject section */
		02564DEF27CA4898001CAE42 /* Project object */ = {
			isa = PBXProject;
			attributes = {
				BuildIndependentTargetsInParallel = 1;
				LastSwiftUpdateCheck = 1320;
				LastUpgradeCheck = 1320;
				TargetAttributes = {
					02564DF627CA4898001CAE42 = {
						CreatedOnToolsVersion = 13.2.1;
					};
					02564E0C27CA489E001CAE42 = {
						CreatedOnToolsVersion = 13.2.1;
						TestTargetID = 02564DF627CA4898001CAE42;
					};
					02564E1627CA489E001CAE42 = {
						CreatedOnToolsVersion = 13.2.1;
						TestTargetID = 02564DF627CA4898001CAE42;
					};
				};
			};
			buildConfigurationList = 02564DF227CA4898001CAE42 /* Build configuration list for PBXProject "Parasol" */;
			compatibilityVersion = "Xcode 13.0";
			developmentRegion = en;
			hasScannedForEncodings = 0;
			knownRegions = (
				en,
				Base,
			);
			mainGroup = 02564DEE27CA4898001CAE42;
			productRefGroup = 02564DF827CA4898001CAE42 /* Products */;
			projectDirPath = "";
			projectRoot = "";
			targets = (
				02564DF627CA4898001CAE42 /* Parasol */,
				02564E0C27CA489E001CAE42 /* ParasolTests */,
				02564E1627CA489E001CAE42 /* ParasolUITests */,
			);
		};
/* End PBXProject section */

/* Begin PBXResourcesBuildPhase section */
		02564DF527CA4898001CAE42 /* Resources */ = {
			isa = PBXResourcesBuildPhase;
			buildActionMask = 2147483647;
			files = (
				02564E0727CA489E001CAE42 /* LaunchScreen.storyboard in Resources */,
				02564E0427CA489E001CAE42 /* Assets.xcassets in Resources */,
				02564E0227CA4898001CAE42 /* Main.storyboard in Resources */,
			);
			runOnlyForDeploymentPostprocessing = 0;
		};
		02564E0B27CA489E001CAE42 /* Resources */ = {
			isa = PBXResourcesBuildPhase;
			buildActionMask = 2147483647;
			files = (
			);
			runOnlyForDeploymentPostprocessing = 0;
		};
		02564E1527CA489E001CAE42 /* Resources */ = {
			isa = PBXResourcesBuildPhase;
			buildActionMask = 2147483647;
			files = (
			);
			runOnlyForDeploymentPostprocessing = 0;
		};
/* End PBXResourcesBuildPhase section */

/* Begin PBXSourcesBuildPhase section */
		02564DF327CA4898001CAE42 /* Sources */ = {
			isa = PBXSourcesBuildPhase;
			buildActionMask = 2147483647;
			files = (
				02564DFF27CA4898001CAE42 /* ViewController.swift in Sources */,
				02564DFB27CA4898001CAE42 /* AppDelegate.swift in Sources */,
				02564DFD27CA4898001CAE42 /* SceneDelegate.swift in Sources */,
			);
			runOnlyForDeploymentPostprocessing = 0;
		};
		02564E0927CA489E001CAE42 /* Sources */ = {
			isa = PBXSourcesBuildPhase;
			buildActionMask = 2147483647;
			files = (
				02564E1227CA489E001CAE42 /* ParasolTests.swift in Sources */,
			);
			runOnlyForDeploymentPostprocessing = 0;
		};
		02564E1327CA489E001CAE42 /* Sources */ = {
			isa = PBXSourcesBuildPhase;
			buildActionMask = 2147483647;
			files = (
				02564E1C27CA489E001CAE42 /* ParasolUITests.swift in Sources */,
				02564E1E27CA489E001CAE42 /* ParasolUITestsLaunchTests.swift in Sources */,
			);
			runOnlyForDeploymentPostprocessing = 0;
		};
/* End PBXSourcesBuildPhase section */

/* Begin PBXTargetDependency section */
		02564E0F27CA489E001CAE42 /* PBXTargetDependency */ = {
			isa = PBXTargetDependency;
			target = 02564DF627CA4898001CAE42 /* Parasol */;
			targetProxy = 02564E0E27CA489E001CAE42 /* PBXContainerItemProxy */;
		};
		02564E1927CA489E001CAE42 /* PBXTargetDependency */ = {
			isa = PBXTargetDependency;
			target = 02564DF627CA4898001CAE42 /* Parasol */;
			targetProxy = 02564E1827CA489E001CAE42 /* PBXContainerItemProxy */;
		};
/* End PBXTargetDependency section */

/* Begin PBXVariantGroup section */
		02564E0027CA4898001CAE42 /* Main.storyboard */ = {
			isa = PBXVariantGroup;
			children = (
				02564E0127CA4898001CAE42 /* Base */,
			);
			name = Main.storyboard;
			sourceTree = "<group>";
		};
		02564E0527CA489E001CAE42 /* LaunchScreen.storyboard */ = {
			isa = PBXVariantGroup;
			children = (
				02564E0627CA489E001CAE42 /* Base */,
			);
			name = LaunchScreen.storyboard;
			sourceTree = "<group>";
		};
/* End PBXVariantGroup section */

/* Begin XCBuildConfiguration section */
		02564E1F27CA489E001CAE42 /* Debug */ = {
			isa = XCBuildConfiguration;
			buildSettings = {
				ALWAYS_SEARCH_USER_PATHS = NO;
				CLANG_ANALYZER_NONNULL = YES;
				CLANG_ANALYZER_NUMBER_OBJECT_CONVERSION = YES_AGGRESSIVE;
				CLANG_CXX_LANGUAGE_STANDARD = "gnu++17";
				CLANG_CXX_LIBRARY = "libc++";
				CLANG_ENABLE_MODULES = YES;
				CLANG_ENABLE_OBJC_ARC = YES;
				CLANG_ENABLE_OBJC_WEAK = YES;
				CLANG_WARN_BLOCK_CAPTURE_AUTORELEASING = YES;
				CLANG_WARN_BOOL_CONVERSION = YES;
				CLANG_WARN_COMMA = YES;
				CLANG_WARN_CONSTANT_CONVERSION = YES;
				CLANG_WARN_DEPRECATED_OBJC_IMPLEMENTATIONS = YES;
				CLANG_WARN_DIRECT_OBJC_ISA_USAGE = YES_ERROR;
				CLANG_WARN_DOCUMENTATION_COMMENTS = YES;
				CLANG_WARN_EMPTY_BODY = YES;
				CLANG_WARN_ENUM_CONVERSION = YES;
				CLANG_WARN_INFINITE_RECURSION = YES;
				CLANG_WARN_INT_CONVERSION = YES;
				CLANG_WARN_NON_LITERAL_NULL_CONVERSION = YES;
				CLANG_WARN_OBJC_IMPLICIT_RETAIN_SELF = YES;
				CLANG_WARN_OBJC_LITERAL_CONVERSION = YES;
				CLANG_WARN_OBJC_ROOT_CLASS = YES_ERROR;
				CLANG_WARN_QUOTED_INCLUDE_IN_FRAMEWORK_HEADER = YES;
				CLANG_WARN_RANGE_LOOP_ANALYSIS = YES;
				CLANG_WARN_STRICT_PROTOTYPES = YES;
				CLANG_WARN_SUSPICIOUS_MOVE = YES;
				CLANG_WARN_UNGUARDED_AVAILABILITY = YES_AGGRESSIVE;
				CLANG_WARN_UNREACHABLE_CODE = YES;
				CLANG_WARN__DUPLICATE_METHOD_MATCH = YES;
				COPY_PHASE_STRIP = NO;
				DEBUG_INFORMATION_FORMAT = dwarf;
				ENABLE_STRICT_OBJC_MSGSEND = YES;
				ENABLE_TESTABILITY = YES;
				GCC_C_LANGUAGE_STANDARD = gnu11;
				GCC_DYNAMIC_NO_PIC = NO;
				GCC_NO_COMMON_BLOCKS = YES;
				GCC_OPTIMIZATION_LEVEL = 0;
				GCC_PREPROCESSOR_DEFINITIONS = (
					"DEBUG=1",
					"$(inherited)",
				);
				GCC_WARN_64_TO_32_BIT_CONVERSION = YES;
				GCC_WARN_ABOUT_RETURN_TYPE = YES_ERROR;
				GCC_WARN_UNDECLARED_SELECTOR = YES;
				GCC_WARN_UNINITIALIZED_AUTOS = YES_AGGRESSIVE;
				GCC_WARN_UNUSED_FUNCTION = YES;
				GCC_WARN_UNUSED_VARIABLE = YES;
				IPHONEOS_DEPLOYMENT_TARGET = 15.2;
				MTL_ENABLE_DEBUG_INFO = INCLUDE_SOURCE;
				MTL_FAST_MATH = YES;
				ONLY_ACTIVE_ARCH = YES;
				SDKROOT = iphoneos;
				SWIFT_ACTIVE_COMPILATION_CONDITIONS = DEBUG;
				SWIFT_OPTIMIZATION_LEVEL = "-Onone";
			};
			name = Debug;
		};
		02564E2027CA489E001CAE42 /* Release */ = {
			isa = XCBuildConfiguration;
			buildSettings = {
				ALWAYS_SEARCH_USER_PATHS = NO;
				CLANG_ANALYZER_NONNULL = YES;
				CLANG_ANALYZER_NUMBER_OBJECT_CONVERSION = YES_AGGRESSIVE;
				CLANG_CXX_LANGUAGE_STANDARD = "gnu++17";
				CLANG_CXX_LIBRARY = "libc++";
				CLANG_ENABLE_MODULES = YES;
				CLANG_ENABLE_OBJC_ARC = YES;
				CLANG_ENABLE_OBJC_WEAK = YES;
				CLANG_WARN_BLOCK_CAPTURE_AUTORELEASING = YES;
				CLANG_WARN_BOOL_CONVERSION = YES;
				CLANG_WARN_COMMA = YES;
				CLANG_WARN_CONSTANT_CONVERSION = YES;
				CLANG_WARN_DEPRECATED_OBJC_IMPLEMENTATIONS = YES;
				CLANG_WARN_DIRECT_OBJC_ISA_USAGE = YES_ERROR;
				CLANG_WARN_DOCUMENTATION_COMMENTS = YES;
				CLANG_WARN_EMPTY_BODY = YES;
				CLANG_WARN_ENUM_CONVERSION = YES;
				CLANG_WARN_INFINITE_RECURSION = YES;
				CLANG_WARN_INT_CONVERSION = YES;
				CLANG_WARN_NON_LITERAL_NULL_CONVERSION = YES;
				CLANG_WARN_OBJC_IMPLICIT_RETAIN_SELF = YES;
				CLANG_WARN_OBJC_LITERAL_CONVERSION = YES;
				CLANG_WARN_OBJC_ROOT_CLASS = YES_ERROR;
				CLANG_WARN_QUOTED_INCLUDE_IN_FRAMEWORK_HEADER = YES;
				CLANG_WARN_RANGE_LOOP_ANALYSIS = YES;
				CLANG_WARN_STRICT_PROTOTYPES = YES;
				CLANG_WARN_SUSPICIOUS_MOVE = YES;
				CLANG_WARN_UNGUARDED_AVAILABILITY = YES_AGGRESSIVE;
				CLANG_WARN_UNREACHABLE_CODE = YES;
				CLANG_WARN__DUPLICATE_METHOD_MATCH = YES;
				COPY_PHASE_STRIP = NO;
				DEBUG_INFORMATION_FORMAT = "dwarf-with-dsym";
				ENABLE_NS_ASSERTIONS = NO;
				ENABLE_STRICT_OBJC_MSGSEND = YES;
				GCC_C_LANGUAGE_STANDARD = gnu11;
				GCC_NO_COMMON_BLOCKS = YES;
				GCC_WARN_64_TO_32_BIT_CONVERSION = YES;
				GCC_WARN_ABOUT_RETURN_TYPE = YES_ERROR;
				GCC_WARN_UNDECLARED_SELECTOR = YES;
				GCC_WARN_UNINITIALIZED_AUTOS = YES_AGGRESSIVE;
				GCC_WARN_UNUSED_FUNCTION = YES;
				GCC_WARN_UNUSED_VARIABLE = YES;
				IPHONEOS_DEPLOYMENT_TARGET = 15.2;
				MTL_ENABLE_DEBUG_INFO = NO;
				MTL_FAST_MATH = YES;
				SDKROOT = iphoneos;
				SWIFT_COMPILATION_MODE = wholemodule;
				SWIFT_OPTIMIZATION_LEVEL = "-O";
				VALIDATE_PRODUCT = YES;
			};
			name = Release;
		};
		02564E2227CA489E001CAE42 /* Debug */ = {
			isa = XCBuildConfiguration;
			buildSettings = {
				ASSETCATALOG_COMPILER_APPICON_NAME = AppIcon;
				ASSETCATALOG_COMPILER_GLOBAL_ACCENT_COLOR_NAME = AccentColor;
				CODE_SIGN_STYLE = Automatic;
				CURRENT_PROJECT_VERSION = 1;
				DEVELOPMENT_TEAM = 43H568BB8Y;
				GENERATE_INFOPLIST_FILE = YES;
				INFOPLIST_FILE = Parasol/Info.plist;
				INFOPLIST_KEY_UIApplicationSupportsIndirectInputEvents = YES;
				INFOPLIST_KEY_UILaunchStoryboardName = LaunchScreen;
				INFOPLIST_KEY_UIMainStoryboardFile = Main;
				INFOPLIST_KEY_UISupportedInterfaceOrientations_iPad = "UIInterfaceOrientationPortrait UIInterfaceOrientationPortraitUpsideDown UIInterfaceOrientationLandscapeLeft UIInterfaceOrientationLandscapeRight";
				INFOPLIST_KEY_UISupportedInterfaceOrientations_iPhone = "UIInterfaceOrientationPortrait UIInterfaceOrientationLandscapeLeft UIInterfaceOrientationLandscapeRight";
				LD_RUNPATH_SEARCH_PATHS = (
					"$(inherited)",
					"@executable_path/Frameworks",
				);
				MARKETING_VERSION = 1.0;
				PRODUCT_BUNDLE_IDENTIFIER = com.impulslab.parasol.Parasol;
				PRODUCT_NAME = "$(TARGET_NAME)";
				SWIFT_EMIT_LOC_STRINGS = YES;
				SWIFT_VERSION = 5.0;
				TARGETED_DEVICE_FAMILY = "1,2";
			};
			name = Debug;
		};
		02564E2327CA489E001CAE42 /* Release */ = {
			isa = XCBuildConfiguration;
			buildSettings = {
				ASSETCATALOG_COMPILER_APPICON_NAME = AppIcon;
				ASSETCATALOG_COMPILER_GLOBAL_ACCENT_COLOR_NAME = AccentColor;
				CODE_SIGN_STYLE = Automatic;
				CURRENT_PROJECT_VERSION = 1;
				DEVELOPMENT_TEAM = 43H568BB8Y;
				GENERATE_INFOPLIST_FILE = YES;
				INFOPLIST_FILE = Parasol/Info.plist;
				INFOPLIST_KEY_UIApplicationSupportsIndirectInputEvents = YES;
				INFOPLIST_KEY_UILaunchStoryboardName = LaunchScreen;
				INFOPLIST_KEY_UIMainStoryboardFile = Main;
				INFOPLIST_KEY_UISupportedInterfaceOrientations_iPad = "UIInterfaceOrientationPortrait UIInterfaceOrientationPortraitUpsideDown UIInterfaceOrientationLandscapeLeft UIInterfaceOrientationLandscapeRight";
				INFOPLIST_KEY_UISupportedInterfaceOrientations_iPhone = "UIInterfaceOrientationPortrait UIInterfaceOrientationLandscapeLeft UIInterfaceOrientationLandscapeRight";
				LD_RUNPATH_SEARCH_PATHS = (
					"$(inherited)",
					"@executable_path/Frameworks",
				);
				MARKETING_VERSION = 1.0;
				PRODUCT_BUNDLE_IDENTIFIER = com.impulslab.parasol.Parasol;
				PRODUCT_NAME = "$(TARGET_NAME)";
				SWIFT_EMIT_LOC_STRINGS = YES;
				SWIFT_VERSION = 5.0;
				TARGETED_DEVICE_FAMILY = "1,2";
			};
			name = Release;
		};
		02564E2527CA489E001CAE42 /* Debug */ = {
			isa = XCBuildConfiguration;
			buildSettings = {
				ALWAYS_EMBED_SWIFT_STANDARD_LIBRARIES = YES;
				BUNDLE_LOADER = "$(TEST_HOST)";
				CODE_SIGN_STYLE = Automatic;
				CURRENT_PROJECT_VERSION = 1;
				DEVELOPMENT_TEAM = 43H568BB8Y;
				GENERATE_INFOPLIST_FILE = YES;
				IPHONEOS_DEPLOYMENT_TARGET = 15.2;
				MARKETING_VERSION = 1.0;
				PRODUCT_BUNDLE_IDENTIFIER = com.impulslab.parasol.ParasolTests;
				PRODUCT_NAME = "$(TARGET_NAME)";
				SWIFT_EMIT_LOC_STRINGS = NO;
				SWIFT_VERSION = 5.0;
				TARGETED_DEVICE_FAMILY = "1,2";
				TEST_HOST = "$(BUILT_PRODUCTS_DIR)/Parasol.app/Parasol";
			};
			name = Debug;
		};
		02564E2627CA489E001CAE42 /* Release */ = {
			isa = XCBuildConfiguration;
			buildSettings = {
				ALWAYS_EMBED_SWIFT_STANDARD_LIBRARIES = YES;
				BUNDLE_LOADER = "$(TEST_HOST)";
				CODE_SIGN_STYLE = Automatic;
				CURRENT_PROJECT_VERSION = 1;
				DEVELOPMENT_TEAM = 43H568BB8Y;
				GENERATE_INFOPLIST_FILE = YES;
				IPHONEOS_DEPLOYMENT_TARGET = 15.2;
				MARKETING_VERSION = 1.0;
				PRODUCT_BUNDLE_IDENTIFIER = com.impulslab.parasol.ParasolTests;
				PRODUCT_NAME = "$(TARGET_NAME)";
				SWIFT_EMIT_LOC_STRINGS = NO;
				SWIFT_VERSION = 5.0;
				TARGETED_DEVICE_FAMILY = "1,2";
				TEST_HOST = "$(BUILT_PRODUCTS_DIR)/Parasol.app/Parasol";
			};
			name = Release;
		};
		02564E2827CA489E001CAE42 /* Debug */ = {
			isa = XCBuildConfiguration;
			buildSettings = {
				ALWAYS_EMBED_SWIFT_STANDARD_LIBRARIES = YES;
				CODE_SIGN_STYLE = Automatic;
				CURRENT_PROJECT_VERSION = 1;
				DEVELOPMENT_TEAM = 43H568BB8Y;
				GENERATE_INFOPLIST_FILE = YES;
				MARKETING_VERSION = 1.0;
				PRODUCT_BUNDLE_IDENTIFIER = com.impulslab.parasol.ParasolUITests;
				PRODUCT_NAME = "$(TARGET_NAME)";
				SWIFT_EMIT_LOC_STRINGS = NO;
				SWIFT_VERSION = 5.0;
				TARGETED_DEVICE_FAMILY = "1,2";
				TEST_TARGET_NAME = Parasol;
			};
			name = Debug;
		};
		02564E2927CA489E001CAE42 /* Release */ = {
			isa = XCBuildConfiguration;
			buildSettings = {
				ALWAYS_EMBED_SWIFT_STANDARD_LIBRARIES = YES;
				CODE_SIGN_STYLE = Automatic;
				CURRENT_PROJECT_VERSION = 1;
				DEVELOPMENT_TEAM = 43H568BB8Y;
				GENERATE_INFOPLIST_FILE = YES;
				MARKETING_VERSION = 1.0;
				PRODUCT_BUNDLE_IDENTIFIER = com.impulslab.parasol.ParasolUITests;
				PRODUCT_NAME = "$(TARGET_NAME)";
				SWIFT_EMIT_LOC_STRINGS = NO;
				SWIFT_VERSION = 5.0;
				TARGETED_DEVICE_FAMILY = "1,2";
				TEST_TARGET_NAME = Parasol;
			};
			name = Release;
		};
/* End XCBuildConfiguration section */

/* Begin XCConfigurationList section */
		02564DF227CA4898001CAE42 /* Build configuration list for PBXProject "Parasol" */ = {
			isa = XCConfigurationList;
			buildConfigurations = (
				02564E1F27CA489E001CAE42 /* Debug */,
				02564E2027CA489E001CAE42 /* Release */,
			);
			defaultConfigurationIsVisible = 0;
			defaultConfigurationName = Release;
		};
		02564E2127CA489E001CAE42 /* Build configuration list for PBXNativeTarget "Parasol" */ = {
			isa = XCConfigurationList;
			buildConfigurations = (
				02564E2227CA489E001CAE42 /* Debug */,
				02564E2327CA489E001CAE42 /* Release */,
			);
			defaultConfigurationIsVisible = 0;
			defaultConfigurationName = Release;
		};
		02564E2427CA489E001CAE42 /* Build configuration list for PBXNativeTarget "ParasolTests" */ = {
			isa = XCConfigurationList;
			buildConfigurations = (
				02564E2527CA489E001CAE42 /* Debug */,
				02564E2627CA489E001CAE42 /* Release */,
			);
			defaultConfigurationIsVisible = 0;
			defaultConfigurationName = Release;
		};
		02564E2727CA489E001CAE42 /* Build configuration list for PBXNativeTarget "ParasolUITests" */ = {
			isa = XCConfigurationList;
			buildConfigurations = (
				02564E2827CA489E001CAE42 /* Debug */,
				02564E2927CA489E001CAE42 /* Release */,
			);
			defaultConfigurationIsVisible = 0;
			defaultConfigurationName = Release;
		};
/* End XCConfigurationList section */
	};
	rootObject = 02564DEF27CA4898001CAE42 /* Project object */;
}
